Microsoft Visual Studio Solution File, Format Version 11.00
# Visual Studio 2008

Project("{EBE56229-30AE-23E7-8995-57C4009FF524}") = "ARBusinessCard", "Assembly-CSharp.csproj", "{642EA302-B6F8-8EF6-08F6-2DF8667BE936}"
EndProject
Project("{EBE56229-30AE-23E7-8995-57C4009FF524}") = "ARBusinessCard", "Assembly-CSharp-Editor.csproj", "{01073554-3F81-6803-0050-16D60EDA46AF}"
EndProject
Global
	GlobalSection(SolutionConfigurationPlatforms) = preSolution
		Debug|Any CPU = Debug|Any CPU
		Release|Any CPU = Release|Any CPU
	EndGlobalSection
	GlobalSection(ProjectConfigurationPlatforms) = postSolution
		{642EA302-B6F8-8EF6-08F6-2DF8667BE936}.Debug|Any CPU.ActiveCfg = Debug|Any CPU
		{642EA302-B6F8-8EF6-08F6-2DF8667BE936}.Debug|Any CPU.Build.0 = Debug|Any CPU
		{642EA302-B6F8-8EF6-08F6-2DF8667BE936}.Release|Any CPU.ActiveCfg = Release|Any CPU
		{642EA302-B6F8-8EF6-08F6-2DF8667BE936}.Release|Any CPU.Build.0 = Release|Any CPU
		{01073554-3F81-6803-0050-16D60EDA46AF}.Debug|Any CPU.ActiveCfg = Debug|Any CPU
		{01073554-3F81-6803-0050-16D60EDA46AF}.Debug|Any CPU.Build.0 = Debug|Any CPU
		{01073554-3F81-6803-0050-16D60EDA46AF}.Release|Any CPU.ActiveCfg = Release|Any CPU
		{01073554-3F81-6803-0050-16D60EDA46AF}.Release|Any CPU.Build.0 = Release|Any CPU
	EndGlobalSection
	GlobalSection(SolutionProperties) = preSolution
		HideSolutionNode = FALSE
	EndGlobalSection
	GlobalSection(MonoDevelopProperties) = preSolution
		StartupItem = Assembly-CSharp.csproj
	EndGlobalSection
EndGlobal
