Microsoft Visual Studio Solution File, Format Version 11.00
# Visual Studio 2008

Project("{9D1126D7-E673-37A9-E5CC-52CC5EC2C56F}") = "MR4BusinessCard", "Assembly-CSharp.csproj", "{4D39FD69-A649-E5DC-9443-4ECC64E5FA4A}"
EndProject
Project("{9D1126D7-E673-37A9-E5CC-52CC5EC2C56F}") = "MR4BusinessCard", "Assembly-CSharp-Editor.csproj", "{2E269C55-8CB4-ACDF-4FA5-56B219D5EE89}"
EndProject
Global
	GlobalSection(SolutionConfigurationPlatforms) = preSolution
		Debug|Any CPU = Debug|Any CPU
		Release|Any CPU = Release|Any CPU
	EndGlobalSection
	GlobalSection(ProjectConfigurationPlatforms) = postSolution
		{4D39FD69-A649-E5DC-9443-4ECC64E5FA4A}.Debug|Any CPU.ActiveCfg = Debug|Any CPU
		{4D39FD69-A649-E5DC-9443-4ECC64E5FA4A}.Debug|Any CPU.Build.0 = Debug|Any CPU
		{4D39FD69-A649-E5DC-9443-4ECC64E5FA4A}.Release|Any CPU.ActiveCfg = Release|Any CPU
		{4D39FD69-A649-E5DC-9443-4ECC64E5FA4A}.Release|Any CPU.Build.0 = Release|Any CPU
		{2E269C55-8CB4-ACDF-4FA5-56B219D5EE89}.Debug|Any CPU.ActiveCfg = Debug|Any CPU
		{2E269C55-8CB4-ACDF-4FA5-56B219D5EE89}.Debug|Any CPU.Build.0 = Debug|Any CPU
		{2E269C55-8CB4-ACDF-4FA5-56B219D5EE89}.Release|Any CPU.ActiveCfg = Release|Any CPU
		{2E269C55-8CB4-ACDF-4FA5-56B219D5EE89}.Release|Any CPU.Build.0 = Release|Any CPU
	EndGlobalSection
	GlobalSection(SolutionProperties) = preSolution
		HideSolutionNode = FALSE
	EndGlobalSection
	GlobalSection(MonoDevelopProperties) = preSolution
		StartupItem = Assembly-CSharp.csproj
	EndGlobalSection
EndGlobal
